
Microsoft Visual Studio Solution File, Format Version 12.00
# Visual Studio 15
Project("{FAE04EC0-301F-11D3-BF4B-00C04F79EFBC}") = "Assembly-CSharp-firstpass", "Assembly-CSharp-firstpass.csproj", "{1C801162-1CA9-14A1-707F-E920B7B87219}"
EndProject
Project("{FAE04EC0-301F-11D3-BF4B-00C04F79EFBC}") = "Assembly-CSharp", "Assembly-CSharp.csproj", "{E99EFCE0-1026-883D-2394-2624DACF4BDF}"
EndProject
Project("{FAE04EC0-301F-11D3-BF4B-00C04F79EFBC}") = "PolyNav", "PolyNav.csproj", "{C4603DA7-45EF-19B3-112E-FF0BEBB31F38}"
EndProject
Project("{FAE04EC0-301F-11D3-BF4B-00C04F79EFBC}") = "Assembly-CSharp-Editor", "Assembly-CSharp-Editor.csproj", "{B2C339CA-9A2D-650D-7E86-DC57F52EA594}"
EndProject
Project("{FAE04EC0-301F-11D3-BF4B-00C04F79EFBC}") = "Assembly-CSharp-Editor-firstpass", "Assembly-CSharp-Editor-firstpass.csproj", "{45D7C0B0-A3E0-58DF-7130-25EB8ACDD8F8}"
EndProject
Global
	GlobalSection(SolutionConfigurationPlatforms) = preSolution
		Debug|Any CPU = Debug|Any CPU
		Release|Any CPU = Release|Any CPU
	EndGlobalSection
	GlobalSection(ProjectConfigurationPlatforms) = postSolution
		{1C801162-1CA9-14A1-707F-E920B7B87219}.Debug|Any CPU.ActiveCfg = Debug|Any CPU
		{1C801162-1CA9-14A1-707F-E920B7B87219}.Debug|Any CPU.Build.0 = Debug|Any CPU
		{1C801162-1CA9-14A1-707F-E920B7B87219}.Release|Any CPU.ActiveCfg = Release|Any CPU
		{1C801162-1CA9-14A1-707F-E920B7B87219}.Release|Any CPU.Build.0 = Release|Any CPU
		{E99EFCE0-1026-883D-2394-2624DACF4BDF}.Debug|Any CPU.ActiveCfg = Debug|Any CPU
		{E99EFCE0-1026-883D-2394-2624DACF4BDF}.Debug|Any CPU.Build.0 = Debug|Any CPU
		{E99EFCE0-1026-883D-2394-2624DACF4BDF}.Release|Any CPU.ActiveCfg = Release|Any CPU
		{E99EFCE0-1026-883D-2394-2624DACF4BDF}.Release|Any CPU.Build.0 = Release|Any CPU
		{C4603DA7-45EF-19B3-112E-FF0BEBB31F38}.Debug|Any CPU.ActiveCfg = Debug|Any CPU
		{C4603DA7-45EF-19B3-112E-FF0BEBB31F38}.Debug|Any CPU.Build.0 = Debug|Any CPU
		{C4603DA7-45EF-19B3-112E-FF0BEBB31F38}.Release|Any CPU.ActiveCfg = Release|Any CPU
		{C4603DA7-45EF-19B3-112E-FF0BEBB31F38}.Release|Any CPU.Build.0 = Release|Any CPU
		{B2C339CA-9A2D-650D-7E86-DC57F52EA594}.Debug|Any CPU.ActiveCfg = Debug|Any CPU
		{B2C339CA-9A2D-650D-7E86-DC57F52EA594}.Debug|Any CPU.Build.0 = Debug|Any CPU
		{B2C339CA-9A2D-650D-7E86-DC57F52EA594}.Release|Any CPU.ActiveCfg = Release|Any CPU
		{B2C339CA-9A2D-650D-7E86-DC57F52EA594}.Release|Any CPU.Build.0 = Release|Any CPU
		{45D7C0B0-A3E0-58DF-7130-25EB8ACDD8F8}.Debug|Any CPU.ActiveCfg = Debug|Any CPU
		{45D7C0B0-A3E0-58DF-7130-25EB8ACDD8F8}.Debug|Any CPU.Build.0 = Debug|Any CPU
		{45D7C0B0-A3E0-58DF-7130-25EB8ACDD8F8}.Release|Any CPU.ActiveCfg = Release|Any CPU
		{45D7C0B0-A3E0-58DF-7130-25EB8ACDD8F8}.Release|Any CPU.Build.0 = Release|Any CPU
	EndGlobalSection
	GlobalSection(SolutionProperties) = preSolution
		HideSolutionNode = FALSE
	EndGlobalSection
EndGlobal
