
Microsoft Visual Studio Solution File, Format Version 11.00
# Visual Studio 2010
Project("{FAE04EC0-301F-11D3-BF4B-00C04F79EFBC}") = "Assembly-CSharp", "Assembly-CSharp.csproj", "{e0fc9ee9-2610-3d88-2394-2624dacf4bdf}"
EndProject
Project("{FAE04EC0-301F-11D3-BF4B-00C04F79EFBC}") = "PolyNav", "PolyNav.csproj", "{a73d60c4-ef45-b319-112e-ff0bebb31f38}"
EndProject
Global
	GlobalSection(SolutionConfigurationPlatforms) = preSolution
		Debug|Any CPU = Debug|Any CPU
		Release|Any CPU = Release|Any CPU
	EndGlobalSection
	GlobalSection(ProjectConfigurationPlatforms) = postSolution
		{e0fc9ee9-2610-3d88-2394-2624dacf4bdf}.Debug|Any CPU.ActiveCfg = Debug|Any CPU
		{e0fc9ee9-2610-3d88-2394-2624dacf4bdf}.Debug|Any CPU.Build.0 = Debug|Any CPU
		{e0fc9ee9-2610-3d88-2394-2624dacf4bdf}.Release|Any CPU.ActiveCfg = Release|Any CPU
		{e0fc9ee9-2610-3d88-2394-2624dacf4bdf}.Release|Any CPU.Build.0 = Release|Any CPU
		{a73d60c4-ef45-b319-112e-ff0bebb31f38}.Debug|Any CPU.ActiveCfg = Debug|Any CPU
		{a73d60c4-ef45-b319-112e-ff0bebb31f38}.Debug|Any CPU.Build.0 = Debug|Any CPU
		{a73d60c4-ef45-b319-112e-ff0bebb31f38}.Release|Any CPU.ActiveCfg = Release|Any CPU
		{a73d60c4-ef45-b319-112e-ff0bebb31f38}.Release|Any CPU.Build.0 = Release|Any CPU
	EndGlobalSection
	GlobalSection(SolutionProperties) = preSolution
		HideSolutionNode = FALSE
	EndGlobalSection
EndGlobal
